
Microsoft Visual Studio Solution File, Format Version 12.00
# Visual Studio Version 17
VisualStudioVersion = 17.0.31903.59
MinimumVisualStudioVersion = 10.0.40219.1
Project("{FAE04EC0-301F-11D3-BF4B-00C04F79EFBC}") = "ChatAppVue.Api", "ChatAppVue.Api\ChatAppVue.Api.csproj", "{A6F50199-B417-4F21-85B0-CBEA539B3927}"
EndProject
Project("{FAE04EC0-301F-11D3-BF4B-00C04F79EFBC}") = "ChatAppVue.Domain", "ChatAppVue.Domain\ChatAppVue.Domain.csproj", "{B58EBFAB-CE94-4692-A194-1A030D7277E8}"
EndProject
Project("{FAE04EC0-301F-11D3-BF4B-00C04F79EFBC}") = "ChatAppVue.Infrastructure", "ChatAppVue.Infrastructure\ChatAppVue.Infrastructure.csproj", "{16DB3D15-3EFD-4508-9404-90EE28C8DE00}"
EndProject
Project("{FAE04EC0-301F-11D3-BF4B-00C04F79EFBC}") = "ChatAppVue.Application", "ChatAppVue.Application\ChatAppVue.Application.csproj", "{89F30917-B6FE-44A0-B7B2-686A7ADB19FA}"
EndProject
Global
	GlobalSection(SolutionConfigurationPlatforms) = preSolution
		Debug|Any CPU = Debug|Any CPU
		Debug|x64 = Debug|x64
		Debug|x86 = Debug|x86
		Release|Any CPU = Release|Any CPU
		Release|x64 = Release|x64
		Release|x86 = Release|x86
	EndGlobalSection
	GlobalSection(ProjectConfigurationPlatforms) = postSolution
		{A6F50199-B417-4F21-85B0-CBEA539B3927}.Debug|Any CPU.ActiveCfg = Debug|Any CPU
		{A6F50199-B417-4F21-85B0-CBEA539B3927}.Debug|Any CPU.Build.0 = Debug|Any CPU
		{A6F50199-B417-4F21-85B0-CBEA539B3927}.Debug|x64.ActiveCfg = Debug|Any CPU
		{A6F50199-B417-4F21-85B0-CBEA539B3927}.Debug|x64.Build.0 = Debug|Any CPU
		{A6F50199-B417-4F21-85B0-CBEA539B3927}.Debug|x86.ActiveCfg = Debug|Any CPU
		{A6F50199-B417-4F21-85B0-CBEA539B3927}.Debug|x86.Build.0 = Debug|Any CPU
		{A6F50199-B417-4F21-85B0-CBEA539B3927}.Release|Any CPU.ActiveCfg = Release|Any CPU
		{A6F50199-B417-4F21-85B0-CBEA539B3927}.Release|Any CPU.Build.0 = Release|Any CPU
		{A6F50199-B417-4F21-85B0-CBEA539B3927}.Release|x64.ActiveCfg = Release|Any CPU
		{A6F50199-B417-4F21-85B0-CBEA539B3927}.Release|x64.Build.0 = Release|Any CPU
		{A6F50199-B417-4F21-85B0-CBEA539B3927}.Release|x86.ActiveCfg = Release|Any CPU
		{A6F50199-B417-4F21-85B0-CBEA539B3927}.Release|x86.Build.0 = Release|Any CPU
		{B58EBFAB-CE94-4692-A194-1A030D7277E8}.Debug|Any CPU.ActiveCfg = Debug|Any CPU
		{B58EBFAB-CE94-4692-A194-1A030D7277E8}.Debug|Any CPU.Build.0 = Debug|Any CPU
		{B58EBFAB-CE94-4692-A194-1A030D7277E8}.Debug|x64.ActiveCfg = Debug|Any CPU
		{B58EBFAB-CE94-4692-A194-1A030D7277E8}.Debug|x64.Build.0 = Debug|Any CPU
		{B58EBFAB-CE94-4692-A194-1A030D7277E8}.Debug|x86.ActiveCfg = Debug|Any CPU
		{B58EBFAB-CE94-4692-A194-1A030D7277E8}.Debug|x86.Build.0 = Debug|Any CPU
		{B58EBFAB-CE94-4692-A194-1A030D7277E8}.Release|Any CPU.ActiveCfg = Release|Any CPU
		{B58EBFAB-CE94-4692-A194-1A030D7277E8}.Release|Any CPU.Build.0 = Release|Any CPU
		{B58EBFAB-CE94-4692-A194-1A030D7277E8}.Release|x64.ActiveCfg = Release|Any CPU
		{B58EBFAB-CE94-4692-A194-1A030D7277E8}.Release|x64.Build.0 = Release|Any CPU
		{B58EBFAB-CE94-4692-A194-1A030D7277E8}.Release|x86.ActiveCfg = Release|Any CPU
		{B58EBFAB-CE94-4692-A194-1A030D7277E8}.Release|x86.Build.0 = Release|Any CPU
		{16DB3D15-3EFD-4508-9404-90EE28C8DE00}.Debug|Any CPU.ActiveCfg = Debug|Any CPU
		{16DB3D15-3EFD-4508-9404-90EE28C8DE00}.Debug|Any CPU.Build.0 = Debug|Any CPU
		{16DB3D15-3EFD-4508-9404-90EE28C8DE00}.Debug|x64.ActiveCfg = Debug|Any CPU
		{16DB3D15-3EFD-4508-9404-90EE28C8DE00}.Debug|x64.Build.0 = Debug|Any CPU
		{16DB3D15-3EFD-4508-9404-90EE28C8DE00}.Debug|x86.ActiveCfg = Debug|Any CPU
		{16DB3D15-3EFD-4508-9404-90EE28C8DE00}.Debug|x86.Build.0 = Debug|Any CPU
		{16DB3D15-3EFD-4508-9404-90EE28C8DE00}.Release|Any CPU.ActiveCfg = Release|Any CPU
		{16DB3D15-3EFD-4508-9404-90EE28C8DE00}.Release|Any CPU.Build.0 = Release|Any CPU
		{16DB3D15-3EFD-4508-9404-90EE28C8DE00}.Release|x64.ActiveCfg = Release|Any CPU
		{16DB3D15-3EFD-4508-9404-90EE28C8DE00}.Release|x64.Build.0 = Release|Any CPU
		{16DB3D15-3EFD-4508-9404-90EE28C8DE00}.Release|x86.ActiveCfg = Release|Any CPU
		{16DB3D15-3EFD-4508-9404-90EE28C8DE00}.Release|x86.Build.0 = Release|Any CPU
		{89F30917-B6FE-44A0-B7B2-686A7ADB19FA}.Debug|Any CPU.ActiveCfg = Debug|Any CPU
		{89F30917-B6FE-44A0-B7B2-686A7ADB19FA}.Debug|Any CPU.Build.0 = Debug|Any CPU
		{89F30917-B6FE-44A0-B7B2-686A7ADB19FA}.Debug|x64.ActiveCfg = Debug|Any CPU
		{89F30917-B6FE-44A0-B7B2-686A7ADB19FA}.Debug|x64.Build.0 = Debug|Any CPU
		{89F30917-B6FE-44A0-B7B2-686A7ADB19FA}.Debug|x86.ActiveCfg = Debug|Any CPU
		{89F30917-B6FE-44A0-B7B2-686A7ADB19FA}.Debug|x86.Build.0 = Debug|Any CPU
		{89F30917-B6FE-44A0-B7B2-686A7ADB19FA}.Release|Any CPU.ActiveCfg = Release|Any CPU
		{89F30917-B6FE-44A0-B7B2-686A7ADB19FA}.Release|Any CPU.Build.0 = Release|Any CPU
		{89F30917-B6FE-44A0-B7B2-686A7ADB19FA}.Release|x64.ActiveCfg = Release|Any CPU
		{89F30917-B6FE-44A0-B7B2-686A7ADB19FA}.Release|x64.Build.0 = Release|Any CPU
		{89F30917-B6FE-44A0-B7B2-686A7ADB19FA}.Release|x86.ActiveCfg = Release|Any CPU
		{89F30917-B6FE-44A0-B7B2-686A7ADB19FA}.Release|x86.Build.0 = Release|Any CPU
	EndGlobalSection
	GlobalSection(SolutionProperties) = preSolution
		HideSolutionNode = FALSE
	EndGlobalSection
EndGlobal
